
Microsoft Visual Studio Solution File, Format Version 12.00
# Visual Studio Version 16
VisualStudioVersion = 16.0.30907.101
MinimumVisualStudioVersion = 10.0.40219.1
Project("{FAE04EC0-301F-11D3-BF4B-00C04F79EFBC}") = "Warenbestand_Fahrradladen", "Warenbestand_Fahrradladen\Warenbestand_Fahrradladen.csproj", "{FF9A3DFB-BFB6-4C68-B522-F9B9FB415DA2}"
EndProject
Global
	GlobalSection(SolutionConfigurationPlatforms) = preSolution
		Debug|Any CPU = Debug|Any CPU
		Release|Any CPU = Release|Any CPU
	EndGlobalSection
	GlobalSection(ProjectConfigurationPlatforms) = postSolution
		{FF9A3DFB-BFB6-4C68-B522-F9B9FB415DA2}.Debug|Any CPU.ActiveCfg = Debug|Any CPU
		{FF9A3DFB-BFB6-4C68-B522-F9B9FB415DA2}.Debug|Any CPU.Build.0 = Debug|Any CPU
		{FF9A3DFB-BFB6-4C68-B522-F9B9FB415DA2}.Release|Any CPU.ActiveCfg = Release|Any CPU
		{FF9A3DFB-BFB6-4C68-B522-F9B9FB415DA2}.Release|Any CPU.Build.0 = Release|Any CPU
	EndGlobalSection
	GlobalSection(SolutionProperties) = preSolution
		HideSolutionNode = FALSE
	EndGlobalSection
	GlobalSection(ExtensibilityGlobals) = postSolution
		SolutionGuid = {AA593AF7-6EC8-43B5-8D78-DB1D7970BB11}
	EndGlobalSection
EndGlobal
